
Microsoft Visual Studio Solution File, Format Version 12.00
# Visual Studio Version 17
VisualStudioVersion = 17.13.35806.99 d17.13
MinimumVisualStudioVersion = 10.0.40219.1
Project("{FAE04EC0-301F-11D3-BF4B-00C04F79EFBC}") = "ScooterDomain", "ScooterDomain\ScooterDomain.csproj", "{C945F5FA-A89E-4FF2-A5A8-A65E0F238C89}"
EndProject
Project("{FAE04EC0-301F-11D3-BF4B-00C04F79EFBC}") = "ScooterInfrastructure", "ScooterInfrastructure\ScooterInfrastructure.csproj", "{976E7CAE-7DF9-4842-9560-BC5DD358DDD3}"
EndProject
Global
	GlobalSection(SolutionConfigurationPlatforms) = preSolution
		Debug|Any CPU = Debug|Any CPU
		Release|Any CPU = Release|Any CPU
	EndGlobalSection
	GlobalSection(ProjectConfigurationPlatforms) = postSolution
		{C945F5FA-A89E-4FF2-A5A8-A65E0F238C89}.Debug|Any CPU.ActiveCfg = Debug|Any CPU
		{C945F5FA-A89E-4FF2-A5A8-A65E0F238C89}.Debug|Any CPU.Build.0 = Debug|Any CPU
		{C945F5FA-A89E-4FF2-A5A8-A65E0F238C89}.Release|Any CPU.ActiveCfg = Release|Any CPU
		{C945F5FA-A89E-4FF2-A5A8-A65E0F238C89}.Release|Any CPU.Build.0 = Release|Any CPU
		{976E7CAE-7DF9-4842-9560-BC5DD358DDD3}.Debug|Any CPU.ActiveCfg = Debug|Any CPU
		{976E7CAE-7DF9-4842-9560-BC5DD358DDD3}.Debug|Any CPU.Build.0 = Debug|Any CPU
		{976E7CAE-7DF9-4842-9560-BC5DD358DDD3}.Release|Any CPU.ActiveCfg = Release|Any CPU
		{976E7CAE-7DF9-4842-9560-BC5DD358DDD3}.Release|Any CPU.Build.0 = Release|Any CPU
	EndGlobalSection
	GlobalSection(SolutionProperties) = preSolution
		HideSolutionNode = FALSE
	EndGlobalSection
	GlobalSection(ExtensibilityGlobals) = postSolution
		SolutionGuid = {827F856B-2548-4936-9374-AA503F30E8A7}
	EndGlobalSection
EndGlobal
